
Microsoft Visual Studio Solution File, Format Version 12.00
# Visual Studio Version 16
VisualStudioVersion = 16.0.30907.101
MinimumVisualStudioVersion = 10.0.40219.1
Project("{9A19103F-16F7-4668-BE54-9A1E7A4F7556}") = "AkkaNet.MovieStreaming", "AkkaNet.Nascence\AkkaNet.MovieStreaming.csproj", "{691FD3EB-BD18-440C-994A-5564EFE05066}"
EndProject
Global
	GlobalSection(SolutionConfigurationPlatforms) = preSolution
		Debug|Any CPU = Debug|Any CPU
		Release|Any CPU = Release|Any CPU
	EndGlobalSection
	GlobalSection(ProjectConfigurationPlatforms) = postSolution
		{691FD3EB-BD18-440C-994A-5564EFE05066}.Debug|Any CPU.ActiveCfg = Debug|Any CPU
		{691FD3EB-BD18-440C-994A-5564EFE05066}.Debug|Any CPU.Build.0 = Debug|Any CPU
		{691FD3EB-BD18-440C-994A-5564EFE05066}.Release|Any CPU.ActiveCfg = Release|Any CPU
		{691FD3EB-BD18-440C-994A-5564EFE05066}.Release|Any CPU.Build.0 = Release|Any CPU
	EndGlobalSection
	GlobalSection(SolutionProperties) = preSolution
		HideSolutionNode = FALSE
	EndGlobalSection
	GlobalSection(ExtensibilityGlobals) = postSolution
		SolutionGuid = {8BDB3B22-107A-4F70-A83B-C4F23943DCB5}
	EndGlobalSection
EndGlobal
